// !$*UTF8*$!
{
	archiveVersion = 1;
	classes = {
	};
	objectVersion = 56;
	objects = {

/* Begin PBXBuildFile section */
		63DF20EF2970E1A0005DF7D1 /* AppDelegate.swift in Sources */ = {isa = PBXBuildFile; fileRef = 63DF20EE2970E1A0005DF7D1 /* AppDelegate.swift */; };
		63DF20F12970E1A0005DF7D1 /* SceneDelegate.swift in Sources */ = {isa = PBXBuildFile; fileRef = 63DF20F02970E1A0005DF7D1 /* SceneDelegate.swift */; };
		63DF20F32970E1A0005DF7D1 /* ViewController.swift in Sources */ = {isa = PBXBuildFile; fileRef = 63DF20F22970E1A0005DF7D1 /* ViewController.swift */; };
		63DF20F62970E1A0005DF7D1 /* Main.storyboard in Resources */ = {isa = PBXBuildFile; fileRef = 63DF20F42970E1A0005DF7D1 /* Main.storyboard */; };
		63DF20F82970E1A1005DF7D1 /* Assets.xcassets in Resources */ = {isa = PBXBuildFile; fileRef = 63DF20F72970E1A1005DF7D1 /* Assets.xcassets */; };
		63DF20FB2970E1A1005DF7D1 /* LaunchScreen.storyboard in Resources */ = {isa = PBXBuildFile; fileRef = 63DF20F92970E1A1005DF7D1 /* LaunchScreen.storyboard */; };
		C223C6D22978D29400FC3E9E /* APIEndpoint.swift in Sources */ = {isa = PBXBuildFile; fileRef = C223C6D12978D29400FC3E9E /* APIEndpoint.swift */; };
		C223C6D42978D31600FC3E9E /* MovieInformationResponse.swift in Sources */ = {isa = PBXBuildFile; fileRef = C223C6D32978D31600FC3E9E /* MovieInformationResponse.swift */; };
		C223C6D62978FD2700FC3E9E /* MovieInformationEndpoint.swift in Sources */ = {isa = PBXBuildFile; fileRef = C223C6D52978FD2700FC3E9E /* MovieInformationEndpoint.swift */; };
		C223C6D82978FE0B00FC3E9E /* HTTPMethod.swift in Sources */ = {isa = PBXBuildFile; fileRef = C223C6D72978FE0B00FC3E9E /* HTTPMethod.swift */; };
		C223C6DA297909BA00FC3E9E /* MovieService.swift in Sources */ = {isa = PBXBuildFile; fileRef = C223C6D9297909BA00FC3E9E /* MovieService.swift */; };
		C223C6DE29790A0300FC3E9E /* MovieAPIEndpoint.swift in Sources */ = {isa = PBXBuildFile; fileRef = C223C6DD29790A0300FC3E9E /* MovieAPIEndpoint.swift */; };
		C223C6E229790B1B00FC3E9E /* MovieAPIInformationOwner.swift in Sources */ = {isa = PBXBuildFile; fileRef = C223C6E129790B1B00FC3E9E /* MovieAPIInformationOwner.swift */; };
		C223C6E429790BF900FC3E9E /* BoxofficeEndpoint.swift in Sources */ = {isa = PBXBuildFile; fileRef = C223C6E329790BF900FC3E9E /* BoxofficeEndpoint.swift */; };
		C223C6E92979112D00FC3E9E /* NetworkError.swift in Sources */ = {isa = PBXBuildFile; fileRef = C223C6E82979112D00FC3E9E /* NetworkError.swift */; };
		C223C6EB2979120400FC3E9E /* NetworkProvider.swift in Sources */ = {isa = PBXBuildFile; fileRef = C223C6EA2979120400FC3E9E /* NetworkProvider.swift */; };
		C223C6ED2979130000FC3E9E /* Cancellable.swift in Sources */ = {isa = PBXBuildFile; fileRef = C223C6EC2979130000FC3E9E /* Cancellable.swift */; };
		C223C6EF2979133600FC3E9E /* URLSessionTask+Cancellable.swift in Sources */ = {isa = PBXBuildFile; fileRef = C223C6EE2979133600FC3E9E /* URLSessionTask+Cancellable.swift */; };
		C223C6F1297913CA00FC3E9E /* DefaultNetworkProvider.swift in Sources */ = {isa = PBXBuildFile; fileRef = C223C6F0297913CA00FC3E9E /* DefaultNetworkProvider.swift */; };
		C223C6F3297915A000FC3E9E /* DecodingUtility.swift in Sources */ = {isa = PBXBuildFile; fileRef = C223C6F2297915A000FC3E9E /* DecodingUtility.swift */; };
		C223C6FE29792C2F00FC3E9E /* NationType.swift in Sources */ = {isa = PBXBuildFile; fileRef = C223C6FD29792C2F00FC3E9E /* NationType.swift */; };
		C223C70129792C3A00FC3E9E /* MovieType.swift in Sources */ = {isa = PBXBuildFile; fileRef = C223C70029792C3A00FC3E9E /* MovieType.swift */; };
		C223C703297935AE00FC3E9E /* DecodingUtility.swift in Sources */ = {isa = PBXBuildFile; fileRef = C223C6F2297915A000FC3E9E /* DecodingUtility.swift */; };
		C223C7052979365B00FC3E9E /* MockingNetworkTests.swift in Sources */ = {isa = PBXBuildFile; fileRef = C223C7042979365B00FC3E9E /* MockingNetworkTests.swift */; };
		C223C70A297937A500FC3E9E /* DateFormatter+Extension.swift in Sources */ = {isa = PBXBuildFile; fileRef = C223C709297937A500FC3E9E /* DateFormatter+Extension.swift */; };
		C223C70F29793C2E00FC3E9E /* MockNetworkProvider.swift in Sources */ = {isa = PBXBuildFile; fileRef = C223C70E29793C2E00FC3E9E /* MockNetworkProvider.swift */; };
		C223C71029793CC500FC3E9E /* HTTPMethod.swift in Sources */ = {isa = PBXBuildFile; fileRef = C223C6D72978FE0B00FC3E9E /* HTTPMethod.swift */; };
		C223C71129793CC500FC3E9E /* APIEndpoint.swift in Sources */ = {isa = PBXBuildFile; fileRef = C223C6D12978D29400FC3E9E /* APIEndpoint.swift */; };
		C223C71229793CC500FC3E9E /* NetworkProvider.swift in Sources */ = {isa = PBXBuildFile; fileRef = C223C6EA2979120400FC3E9E /* NetworkProvider.swift */; };
		C223C71429793CC500FC3E9E /* NetworkError.swift in Sources */ = {isa = PBXBuildFile; fileRef = C223C6E82979112D00FC3E9E /* NetworkError.swift */; };
		C223C71529793CCC00FC3E9E /* Cancellable.swift in Sources */ = {isa = PBXBuildFile; fileRef = C223C6EC2979130000FC3E9E /* Cancellable.swift */; };
		C223C71629793CCC00FC3E9E /* URLSessionTask+Cancellable.swift in Sources */ = {isa = PBXBuildFile; fileRef = C223C6EE2979133600FC3E9E /* URLSessionTask+Cancellable.swift */; };
		C223C71729793ECF00FC3E9E /* MovieService.swift in Sources */ = {isa = PBXBuildFile; fileRef = C223C6D9297909BA00FC3E9E /* MovieService.swift */; };
		C223C7192979436900FC3E9E /* URLSessionable.swift in Sources */ = {isa = PBXBuildFile; fileRef = C223C7182979436900FC3E9E /* URLSessionable.swift */; };
		C223C71B297943A200FC3E9E /* URLSession+URLSessionable.swift in Sources */ = {isa = PBXBuildFile; fileRef = C223C71A297943A200FC3E9E /* URLSession+URLSessionable.swift */; };
		C223C71C297943F600FC3E9E /* URLSessionable.swift in Sources */ = {isa = PBXBuildFile; fileRef = C223C7182979436900FC3E9E /* URLSessionable.swift */; };
		C223C71D297943F900FC3E9E /* URLSession+URLSessionable.swift in Sources */ = {isa = PBXBuildFile; fileRef = C223C71A297943A200FC3E9E /* URLSession+URLSessionable.swift */; };
		C223C71E297948A700FC3E9E /* NationType.swift in Sources */ = {isa = PBXBuildFile; fileRef = C223C6FD29792C2F00FC3E9E /* NationType.swift */; };
		C223C71F297948A900FC3E9E /* MovieType.swift in Sources */ = {isa = PBXBuildFile; fileRef = C223C70029792C3A00FC3E9E /* MovieType.swift */; };
		C223C720297948B900FC3E9E /* MovieInformationResponse.swift in Sources */ = {isa = PBXBuildFile; fileRef = C223C6D32978D31600FC3E9E /* MovieInformationResponse.swift */; };
		C223C721297948BB00FC3E9E /* BoxofficeEndpoint.swift in Sources */ = {isa = PBXBuildFile; fileRef = C223C6E329790BF900FC3E9E /* BoxofficeEndpoint.swift */; };
		C223C722297948BE00FC3E9E /* MovieInformationEndpoint.swift in Sources */ = {isa = PBXBuildFile; fileRef = C223C6D52978FD2700FC3E9E /* MovieInformationEndpoint.swift */; };
		C223C723297948D700FC3E9E /* MovieAPIEndpoint.swift in Sources */ = {isa = PBXBuildFile; fileRef = C223C6DD29790A0300FC3E9E /* MovieAPIEndpoint.swift */; };
		C223C724297948DE00FC3E9E /* MovieAPIInformationOwner.swift in Sources */ = {isa = PBXBuildFile; fileRef = C223C6E129790B1B00FC3E9E /* MovieAPIInformationOwner.swift */; };
		C223C726297948EE00FC3E9E /* DateFormatter+Extension.swift in Sources */ = {isa = PBXBuildFile; fileRef = C223C709297937A500FC3E9E /* DateFormatter+Extension.swift */; };
		C223C7282979492800FC3E9E /* DefaultMovieService.swift in Sources */ = {isa = PBXBuildFile; fileRef = C223C7272979492800FC3E9E /* DefaultMovieService.swift */; };
		C23A7FEF297505A600F0F348 /* BoxofficeResponse.swift in Sources */ = {isa = PBXBuildFile; fileRef = C23A7FEE297505A600F0F348 /* BoxofficeResponse.swift */; };
		C23A7FF329767EF600F0F348 /* JSONDecodingUtility.swift in Sources */ = {isa = PBXBuildFile; fileRef = C23A7FF229767EF600F0F348 /* JSONDecodingUtility.swift */; };
		C23A7FFB2976804700F0F348 /* BoxOfficeDecodingTests.swift in Sources */ = {isa = PBXBuildFile; fileRef = C23A7FFA2976804700F0F348 /* BoxOfficeDecodingTests.swift */; };
		C23A80012976825F00F0F348 /* JSONDecodingUtility.swift in Sources */ = {isa = PBXBuildFile; fileRef = C23A7FF229767EF600F0F348 /* JSONDecodingUtility.swift */; };
		C23A80022976832000F0F348 /* BoxofficeResponse.swift in Sources */ = {isa = PBXBuildFile; fileRef = C23A7FEE297505A600F0F348 /* BoxofficeResponse.swift */; };
/* End PBXBuildFile section */

/* Begin PBXContainerItemProxy section */
		C23A7FFC2976804700F0F348 /* PBXContainerItemProxy */ = {
			isa = PBXContainerItemProxy;
			containerPortal = 63DF20E32970E1A0005DF7D1 /* Project object */;
			proxyType = 1;
			remoteGlobalIDString = 63DF20EA2970E1A0005DF7D1;
			remoteInfo = BoxOffice;
		};
/* End PBXContainerItemProxy section */

/* Begin PBXFileReference section */
		63DF20EB2970E1A0005DF7D1 /* BoxOffice.app */ = {isa = PBXFileReference; explicitFileType = wrapper.application; includeInIndex = 0; path = BoxOffice.app; sourceTree = BUILT_PRODUCTS_DIR; };
		63DF20EE2970E1A0005DF7D1 /* AppDelegate.swift */ = {isa = PBXFileReference; lastKnownFileType = sourcecode.swift; path = AppDelegate.swift; sourceTree = "<group>"; };
		63DF20F02970E1A0005DF7D1 /* SceneDelegate.swift */ = {isa = PBXFileReference; lastKnownFileType = sourcecode.swift; path = SceneDelegate.swift; sourceTree = "<group>"; };
		63DF20F22970E1A0005DF7D1 /* ViewController.swift */ = {isa = PBXFileReference; lastKnownFileType = sourcecode.swift; path = ViewController.swift; sourceTree = "<group>"; };
		63DF20F52970E1A0005DF7D1 /* Base */ = {isa = PBXFileReference; lastKnownFileType = file.storyboard; name = Base; path = Base.lproj/Main.storyboard; sourceTree = "<group>"; };
		63DF20F72970E1A1005DF7D1 /* Assets.xcassets */ = {isa = PBXFileReference; lastKnownFileType = folder.assetcatalog; path = Assets.xcassets; sourceTree = "<group>"; };
		63DF20FA2970E1A1005DF7D1 /* Base */ = {isa = PBXFileReference; lastKnownFileType = file.storyboard; name = Base; path = Base.lproj/LaunchScreen.storyboard; sourceTree = "<group>"; };
		63DF20FC2970E1A1005DF7D1 /* Info.plist */ = {isa = PBXFileReference; lastKnownFileType = text.plist.xml; path = Info.plist; sourceTree = "<group>"; };
		C223C6D12978D29400FC3E9E /* APIEndpoint.swift */ = {isa = PBXFileReference; lastKnownFileType = sourcecode.swift; path = APIEndpoint.swift; sourceTree = "<group>"; };
		C223C6D32978D31600FC3E9E /* MovieInformationResponse.swift */ = {isa = PBXFileReference; lastKnownFileType = sourcecode.swift; path = MovieInformationResponse.swift; sourceTree = "<group>"; };
		C223C6D52978FD2700FC3E9E /* MovieInformationEndpoint.swift */ = {isa = PBXFileReference; lastKnownFileType = sourcecode.swift; path = MovieInformationEndpoint.swift; sourceTree = "<group>"; };
		C223C6D72978FE0B00FC3E9E /* HTTPMethod.swift */ = {isa = PBXFileReference; lastKnownFileType = sourcecode.swift; path = HTTPMethod.swift; sourceTree = "<group>"; };
		C223C6D9297909BA00FC3E9E /* MovieService.swift */ = {isa = PBXFileReference; lastKnownFileType = sourcecode.swift; path = MovieService.swift; sourceTree = "<group>"; };
		C223C6DD29790A0300FC3E9E /* MovieAPIEndpoint.swift */ = {isa = PBXFileReference; lastKnownFileType = sourcecode.swift; path = MovieAPIEndpoint.swift; sourceTree = "<group>"; };
		C223C6E129790B1B00FC3E9E /* MovieAPIInformationOwner.swift */ = {isa = PBXFileReference; lastKnownFileType = sourcecode.swift; path = MovieAPIInformationOwner.swift; sourceTree = "<group>"; };
		C223C6E329790BF900FC3E9E /* BoxofficeEndpoint.swift */ = {isa = PBXFileReference; lastKnownFileType = sourcecode.swift; path = BoxofficeEndpoint.swift; sourceTree = "<group>"; };
		C223C6E82979112D00FC3E9E /* NetworkError.swift */ = {isa = PBXFileReference; lastKnownFileType = sourcecode.swift; path = NetworkError.swift; sourceTree = "<group>"; };
		C223C6EA2979120400FC3E9E /* NetworkProvider.swift */ = {isa = PBXFileReference; lastKnownFileType = sourcecode.swift; path = NetworkProvider.swift; sourceTree = "<group>"; };
		C223C6EC2979130000FC3E9E /* Cancellable.swift */ = {isa = PBXFileReference; lastKnownFileType = sourcecode.swift; path = Cancellable.swift; sourceTree = "<group>"; };
		C223C6EE2979133600FC3E9E /* URLSessionTask+Cancellable.swift */ = {isa = PBXFileReference; lastKnownFileType = sourcecode.swift; path = "URLSessionTask+Cancellable.swift"; sourceTree = "<group>"; };
		C223C6F0297913CA00FC3E9E /* DefaultNetworkProvider.swift */ = {isa = PBXFileReference; lastKnownFileType = sourcecode.swift; path = DefaultNetworkProvider.swift; sourceTree = "<group>"; };
		C223C6F2297915A000FC3E9E /* DecodingUtility.swift */ = {isa = PBXFileReference; lastKnownFileType = sourcecode.swift; path = DecodingUtility.swift; sourceTree = "<group>"; };
		C223C6FD29792C2F00FC3E9E /* NationType.swift */ = {isa = PBXFileReference; lastKnownFileType = sourcecode.swift; path = NationType.swift; sourceTree = "<group>"; };
		C223C70029792C3A00FC3E9E /* MovieType.swift */ = {isa = PBXFileReference; lastKnownFileType = sourcecode.swift; path = MovieType.swift; sourceTree = "<group>"; };
		C223C7042979365B00FC3E9E /* MockingNetworkTests.swift */ = {isa = PBXFileReference; lastKnownFileType = sourcecode.swift; path = MockingNetworkTests.swift; sourceTree = "<group>"; };
		C223C709297937A500FC3E9E /* DateFormatter+Extension.swift */ = {isa = PBXFileReference; lastKnownFileType = sourcecode.swift; path = "DateFormatter+Extension.swift"; sourceTree = "<group>"; };
		C223C70E29793C2E00FC3E9E /* MockNetworkProvider.swift */ = {isa = PBXFileReference; lastKnownFileType = sourcecode.swift; path = MockNetworkProvider.swift; sourceTree = "<group>"; };
		C223C7182979436900FC3E9E /* URLSessionable.swift */ = {isa = PBXFileReference; lastKnownFileType = sourcecode.swift; path = URLSessionable.swift; sourceTree = "<group>"; };
		C223C71A297943A200FC3E9E /* URLSession+URLSessionable.swift */ = {isa = PBXFileReference; lastKnownFileType = sourcecode.swift; path = "URLSession+URLSessionable.swift"; sourceTree = "<group>"; };
		C223C7272979492800FC3E9E /* DefaultMovieService.swift */ = {isa = PBXFileReference; lastKnownFileType = sourcecode.swift; path = DefaultMovieService.swift; sourceTree = "<group>"; };
		C23A7FEE297505A600F0F348 /* BoxofficeResponse.swift */ = {isa = PBXFileReference; lastKnownFileType = sourcecode.swift; path = BoxofficeResponse.swift; sourceTree = "<group>"; };
		C23A7FF229767EF600F0F348 /* JSONDecodingUtility.swift */ = {isa = PBXFileReference; lastKnownFileType = sourcecode.swift; path = JSONDecodingUtility.swift; sourceTree = "<group>"; };
		C23A7FF82976804700F0F348 /* BoxOfficeTests.xctest */ = {isa = PBXFileReference; explicitFileType = wrapper.cfbundle; includeInIndex = 0; path = BoxOfficeTests.xctest; sourceTree = BUILT_PRODUCTS_DIR; };
		C23A7FFA2976804700F0F348 /* BoxOfficeDecodingTests.swift */ = {isa = PBXFileReference; lastKnownFileType = sourcecode.swift; path = BoxOfficeDecodingTests.swift; sourceTree = "<group>"; };
/* End PBXFileReference section */

/* Begin PBXFrameworksBuildPhase section */
		63DF20E82970E1A0005DF7D1 /* Frameworks */ = {
			isa = PBXFrameworksBuildPhase;
			buildActionMask = 2147483647;
			files = (
			);
			runOnlyForDeploymentPostprocessing = 0;
		};
		C23A7FF52976804700F0F348 /* Frameworks */ = {
			isa = PBXFrameworksBuildPhase;
			buildActionMask = 2147483647;
			files = (
			);
			runOnlyForDeploymentPostprocessing = 0;
		};
/* End PBXFrameworksBuildPhase section */

/* Begin PBXGroup section */
		63DF20E22970E1A0005DF7D1 = {
			isa = PBXGroup;
			children = (
				63DF20ED2970E1A0005DF7D1 /* BoxOffice */,
				C23A7FF92976804700F0F348 /* BoxOfficeTests */,
				63DF20EC2970E1A0005DF7D1 /* Products */,
			);
			sourceTree = "<group>";
		};
		63DF20EC2970E1A0005DF7D1 /* Products */ = {
			isa = PBXGroup;
			children = (
				63DF20EB2970E1A0005DF7D1 /* BoxOffice.app */,
				C23A7FF82976804700F0F348 /* BoxOfficeTests.xctest */,
			);
			name = Products;
			sourceTree = "<group>";
		};
		63DF20ED2970E1A0005DF7D1 /* BoxOffice */ = {
			isa = PBXGroup;
			children = (
				C223C7072979378900FC3E9E /* Extension */,
				63DF20EE2970E1A0005DF7D1 /* AppDelegate.swift */,
				63DF20F02970E1A0005DF7D1 /* SceneDelegate.swift */,
				C223C6FC29792C2400FC3E9E /* Model */,
				C223C6DB297909C600FC3E9E /* Service */,
				C223C6D02978D23200FC3E9E /* Network */,
				C223C6F4297915A300FC3E9E /* Utility */,
				63DF20F22970E1A0005DF7D1 /* ViewController.swift */,
				63DF20F42970E1A0005DF7D1 /* Main.storyboard */,
				63DF20F72970E1A1005DF7D1 /* Assets.xcassets */,
				63DF20F92970E1A1005DF7D1 /* LaunchScreen.storyboard */,
				63DF20FC2970E1A1005DF7D1 /* Info.plist */,
			);
			path = BoxOffice;
			sourceTree = "<group>";
		};
		C223C6D02978D23200FC3E9E /* Network */ = {
			isa = PBXGroup;
			children = (
				C223C6D12978D29400FC3E9E /* APIEndpoint.swift */,
				C223C6D72978FE0B00FC3E9E /* HTTPMethod.swift */,
				C223C6E82979112D00FC3E9E /* NetworkError.swift */,
				C223C6EA2979120400FC3E9E /* NetworkProvider.swift */,
				C223C6F0297913CA00FC3E9E /* DefaultNetworkProvider.swift */,
				C223C6EC2979130000FC3E9E /* Cancellable.swift */,
				C223C6EE2979133600FC3E9E /* URLSessionTask+Cancellable.swift */,
				C223C71A297943A200FC3E9E /* URLSession+URLSessionable.swift */,
				C223C7182979436900FC3E9E /* URLSessionable.swift */,
			);
			path = Network;
			sourceTree = "<group>";
		};
		C223C6DB297909C600FC3E9E /* Service */ = {
			isa = PBXGroup;
			children = (
				C223C6D9297909BA00FC3E9E /* MovieService.swift */,
				C223C7272979492800FC3E9E /* DefaultMovieService.swift */,
				C223C6DC297909F100FC3E9E /* API */,
			);
			path = Service;
			sourceTree = "<group>";
		};
		C223C6DC297909F100FC3E9E /* API */ = {
			isa = PBXGroup;
			children = (
				C223C6DF29790A6400FC3E9E /* Endpoint */,
				C223C6E029790A6800FC3E9E /* Response */,
			);
			path = API;
			sourceTree = "<group>";
		};
		C223C6DF29790A6400FC3E9E /* Endpoint */ = {
			isa = PBXGroup;
			children = (
				C223C6E529790BFE00FC3E9E /* Protocol */,
				C223C6E329790BF900FC3E9E /* BoxofficeEndpoint.swift */,
				C223C6D52978FD2700FC3E9E /* MovieInformationEndpoint.swift */,
			);
			path = Endpoint;
			sourceTree = "<group>";
		};
		C223C6E029790A6800FC3E9E /* Response */ = {
			isa = PBXGroup;
			children = (
				C23A7FEE297505A600F0F348 /* BoxofficeResponse.swift */,
				C223C6D32978D31600FC3E9E /* MovieInformationResponse.swift */,
			);
			path = Response;
			sourceTree = "<group>";
		};
		C223C6E529790BFE00FC3E9E /* Protocol */ = {
			isa = PBXGroup;
			children = (
				C223C6DD29790A0300FC3E9E /* MovieAPIEndpoint.swift */,
				C223C6E129790B1B00FC3E9E /* MovieAPIInformationOwner.swift */,
			);
			path = Protocol;
			sourceTree = "<group>";
		};
		C223C6F4297915A300FC3E9E /* Utility */ = {
			isa = PBXGroup;
			children = (
				C223C6F2297915A000FC3E9E /* DecodingUtility.swift */,
				C23A7FF229767EF600F0F348 /* JSONDecodingUtility.swift */,
			);
			path = Utility;
			sourceTree = "<group>";
		};
		C223C6FC29792C2400FC3E9E /* Model */ = {
			isa = PBXGroup;
			children = (
				C223C6FD29792C2F00FC3E9E /* NationType.swift */,
				C223C70029792C3A00FC3E9E /* MovieType.swift */,
			);
			path = Model;
			sourceTree = "<group>";
		};
		C223C7062979366900FC3E9E /* Network */ = {
			isa = PBXGroup;
			children = (
				C223C70D29793BC900FC3E9E /* Mock */,
				C223C7042979365B00FC3E9E /* MockingNetworkTests.swift */,
			);
			path = Network;
			sourceTree = "<group>";
		};
		C223C7072979378900FC3E9E /* Extension */ = {
			isa = PBXGroup;
			children = (
				C223C709297937A500FC3E9E /* DateFormatter+Extension.swift */,
			);
			path = Extension;
			sourceTree = "<group>";
		};
		C223C70D29793BC900FC3E9E /* Mock */ = {
			isa = PBXGroup;
			children = (
				C223C70E29793C2E00FC3E9E /* MockNetworkProvider.swift */,
			);
			path = Mock;
			sourceTree = "<group>";
		};
		C23A7FF92976804700F0F348 /* BoxOfficeTests */ = {
			isa = PBXGroup;
			children = (
				C223C7062979366900FC3E9E /* Network */,
				C23A7FFA2976804700F0F348 /* BoxOfficeDecodingTests.swift */,
			);
			path = BoxOfficeTests;
			sourceTree = "<group>";
		};
/* End PBXGroup section */

/* Begin PBXNativeTarget section */
		63DF20EA2970E1A0005DF7D1 /* BoxOffice */ = {
			isa = PBXNativeTarget;
			buildConfigurationList = 63DF20FF2970E1A1005DF7D1 /* Build configuration list for PBXNativeTarget "BoxOffice" */;
			buildPhases = (
				63DF20E72970E1A0005DF7D1 /* Sources */,
				63DF20E82970E1A0005DF7D1 /* Frameworks */,
				63DF20E92970E1A0005DF7D1 /* Resources */,
			);
			buildRules = (
			);
			dependencies = (
			);
			name = BoxOffice;
			productName = BoxOffice;
			productReference = 63DF20EB2970E1A0005DF7D1 /* BoxOffice.app */;
			productType = "com.apple.product-type.application";
		};
		C23A7FF72976804700F0F348 /* BoxOfficeTests */ = {
			isa = PBXNativeTarget;
			buildConfigurationList = C23A7FFE2976804700F0F348 /* Build configuration list for PBXNativeTarget "BoxOfficeTests" */;
			buildPhases = (
				C23A7FF42976804700F0F348 /* Sources */,
				C23A7FF52976804700F0F348 /* Frameworks */,
				C23A7FF62976804700F0F348 /* Resources */,
			);
			buildRules = (
			);
			dependencies = (
				C23A7FFD2976804700F0F348 /* PBXTargetDependency */,
			);
			name = BoxOfficeTests;
			productName = BoxOfficeTests;
			productReference = C23A7FF82976804700F0F348 /* BoxOfficeTests.xctest */;
			productType = "com.apple.product-type.bundle.unit-test";
		};
/* End PBXNativeTarget section */

/* Begin PBXProject section */
		63DF20E32970E1A0005DF7D1 /* Project object */ = {
			isa = PBXProject;
			attributes = {
				BuildIndependentTargetsInParallel = 1;
				LastSwiftUpdateCheck = 1410;
				LastUpgradeCheck = 1420;
				TargetAttributes = {
					63DF20EA2970E1A0005DF7D1 = {
						CreatedOnToolsVersion = 14.2;
					};
					C23A7FF72976804700F0F348 = {
						CreatedOnToolsVersion = 14.1;
						TestTargetID = 63DF20EA2970E1A0005DF7D1;
					};
				};
			};
			buildConfigurationList = 63DF20E62970E1A0005DF7D1 /* Build configuration list for PBXProject "BoxOffice" */;
			compatibilityVersion = "Xcode 14.0";
			developmentRegion = en;
			hasScannedForEncodings = 0;
			knownRegions = (
				en,
				Base,
			);
			mainGroup = 63DF20E22970E1A0005DF7D1;
			productRefGroup = 63DF20EC2970E1A0005DF7D1 /* Products */;
			projectDirPath = "";
			projectRoot = "";
			targets = (
				63DF20EA2970E1A0005DF7D1 /* BoxOffice */,
				C23A7FF72976804700F0F348 /* BoxOfficeTests */,
			);
		};
/* End PBXProject section */

/* Begin PBXResourcesBuildPhase section */
		63DF20E92970E1A0005DF7D1 /* Resources */ = {
			isa = PBXResourcesBuildPhase;
			buildActionMask = 2147483647;
			files = (
				63DF20FB2970E1A1005DF7D1 /* LaunchScreen.storyboard in Resources */,
				63DF20F82970E1A1005DF7D1 /* Assets.xcassets in Resources */,
				63DF20F62970E1A0005DF7D1 /* Main.storyboard in Resources */,
			);
			runOnlyForDeploymentPostprocessing = 0;
		};
		C23A7FF62976804700F0F348 /* Resources */ = {
			isa = PBXResourcesBuildPhase;
			buildActionMask = 2147483647;
			files = (
			);
			runOnlyForDeploymentPostprocessing = 0;
		};
/* End PBXResourcesBuildPhase section */

/* Begin PBXSourcesBuildPhase section */
		63DF20E72970E1A0005DF7D1 /* Sources */ = {
			isa = PBXSourcesBuildPhase;
			buildActionMask = 2147483647;
			files = (
				C223C6D62978FD2700FC3E9E /* MovieInformationEndpoint.swift in Sources */,
				C223C6F3297915A000FC3E9E /* DecodingUtility.swift in Sources */,
				C223C6DE29790A0300FC3E9E /* MovieAPIEndpoint.swift in Sources */,
				C23A7FF329767EF600F0F348 /* JSONDecodingUtility.swift in Sources */,
				C223C6E429790BF900FC3E9E /* BoxofficeEndpoint.swift in Sources */,
				C223C6EF2979133600FC3E9E /* URLSessionTask+Cancellable.swift in Sources */,
				C223C70A297937A500FC3E9E /* DateFormatter+Extension.swift in Sources */,
				C223C70129792C3A00FC3E9E /* MovieType.swift in Sources */,
				C223C6D42978D31600FC3E9E /* MovieInformationResponse.swift in Sources */,
				C223C6EB2979120400FC3E9E /* NetworkProvider.swift in Sources */,
				C223C7192979436900FC3E9E /* URLSessionable.swift in Sources */,
				C223C6FE29792C2F00FC3E9E /* NationType.swift in Sources */,
				C223C6ED2979130000FC3E9E /* Cancellable.swift in Sources */,
				C223C6D22978D29400FC3E9E /* APIEndpoint.swift in Sources */,
				C223C6DA297909BA00FC3E9E /* MovieService.swift in Sources */,
				63DF20F32970E1A0005DF7D1 /* ViewController.swift in Sources */,
				C223C6E92979112D00FC3E9E /* NetworkError.swift in Sources */,
				C223C6D82978FE0B00FC3E9E /* HTTPMethod.swift in Sources */,
				C223C6E229790B1B00FC3E9E /* MovieAPIInformationOwner.swift in Sources */,
				C223C6F1297913CA00FC3E9E /* DefaultNetworkProvider.swift in Sources */,
				63DF20EF2970E1A0005DF7D1 /* AppDelegate.swift in Sources */,
				C23A7FEF297505A600F0F348 /* BoxofficeResponse.swift in Sources */,
				63DF20F12970E1A0005DF7D1 /* SceneDelegate.swift in Sources */,
				C223C7282979492800FC3E9E /* DefaultMovieService.swift in Sources */,
				C223C71B297943A200FC3E9E /* URLSession+URLSessionable.swift in Sources */,
			);
			runOnlyForDeploymentPostprocessing = 0;
		};
		C23A7FF42976804700F0F348 /* Sources */ = {
			isa = PBXSourcesBuildPhase;
			buildActionMask = 2147483647;
			files = (
				C223C721297948BB00FC3E9E /* BoxofficeEndpoint.swift in Sources */,
				C23A80012976825F00F0F348 /* JSONDecodingUtility.swift in Sources */,
				C223C71E297948A700FC3E9E /* NationType.swift in Sources */,
				C223C71C297943F600FC3E9E /* URLSessionable.swift in Sources */,
				C223C703297935AE00FC3E9E /* DecodingUtility.swift in Sources */,
				C223C71229793CC500FC3E9E /* NetworkProvider.swift in Sources */,
				C223C71029793CC500FC3E9E /* HTTPMethod.swift in Sources */,
				C23A80022976832000F0F348 /* BoxofficeResponse.swift in Sources */,
				C223C71629793CCC00FC3E9E /* URLSessionTask+Cancellable.swift in Sources */,
				C223C71D297943F900FC3E9E /* URLSession+URLSessionable.swift in Sources */,
				C223C71729793ECF00FC3E9E /* MovieService.swift in Sources */,
				C23A7FFB2976804700F0F348 /* BoxOfficeDecodingTests.swift in Sources */,
				C223C723297948D700FC3E9E /* MovieAPIEndpoint.swift in Sources */,
				C223C71529793CCC00FC3E9E /* Cancellable.swift in Sources */,
				C223C7052979365B00FC3E9E /* MockingNetworkTests.swift in Sources */,
				C223C722297948BE00FC3E9E /* MovieInformationEndpoint.swift in Sources */,
				C223C70F29793C2E00FC3E9E /* MockNetworkProvider.swift in Sources */,
				C223C726297948EE00FC3E9E /* DateFormatter+Extension.swift in Sources */,
				C223C724297948DE00FC3E9E /* MovieAPIInformationOwner.swift in Sources */,
				C223C71429793CC500FC3E9E /* NetworkError.swift in Sources */,
				C223C720297948B900FC3E9E /* MovieInformationResponse.swift in Sources */,
				C223C71F297948A900FC3E9E /* MovieType.swift in Sources */,
				C223C71129793CC500FC3E9E /* APIEndpoint.swift in Sources */,
			);
			runOnlyForDeploymentPostprocessing = 0;
		};
/* End PBXSourcesBuildPhase section */

/* Begin PBXTargetDependency section */
		C23A7FFD2976804700F0F348 /* PBXTargetDependency */ = {
			isa = PBXTargetDependency;
			target = 63DF20EA2970E1A0005DF7D1 /* BoxOffice */;
			targetProxy = C23A7FFC2976804700F0F348 /* PBXContainerItemProxy */;
		};
/* End PBXTargetDependency section */

/* Begin PBXVariantGroup section */
		63DF20F42970E1A0005DF7D1 /* Main.storyboard */ = {
			isa = PBXVariantGroup;
			children = (
				63DF20F52970E1A0005DF7D1 /* Base */,
			);
			name = Main.storyboard;
			sourceTree = "<group>";
		};
		63DF20F92970E1A1005DF7D1 /* LaunchScreen.storyboard */ = {
			isa = PBXVariantGroup;
			children = (
				63DF20FA2970E1A1005DF7D1 /* Base */,
			);
			name = LaunchScreen.storyboard;
			sourceTree = "<group>";
		};
/* End PBXVariantGroup section */

/* Begin XCBuildConfiguration section */
		63DF20FD2970E1A1005DF7D1 /* Debug */ = {
			isa = XCBuildConfiguration;
			buildSettings = {
				ALWAYS_SEARCH_USER_PATHS = NO;
				CLANG_ANALYZER_NONNULL = YES;
				CLANG_ANALYZER_NUMBER_OBJECT_CONVERSION = YES_AGGRESSIVE;
				CLANG_CXX_LANGUAGE_STANDARD = "gnu++20";
				CLANG_ENABLE_MODULES = YES;
				CLANG_ENABLE_OBJC_ARC = YES;
				CLANG_ENABLE_OBJC_WEAK = YES;
				CLANG_WARN_BLOCK_CAPTURE_AUTORELEASING = YES;
				CLANG_WARN_BOOL_CONVERSION = YES;
				CLANG_WARN_COMMA = YES;
				CLANG_WARN_CONSTANT_CONVERSION = YES;
				CLANG_WARN_DEPRECATED_OBJC_IMPLEMENTATIONS = YES;
				CLANG_WARN_DIRECT_OBJC_ISA_USAGE = YES_ERROR;
				CLANG_WARN_DOCUMENTATION_COMMENTS = YES;
				CLANG_WARN_EMPTY_BODY = YES;
				CLANG_WARN_ENUM_CONVERSION = YES;
				CLANG_WARN_INFINITE_RECURSION = YES;
				CLANG_WARN_INT_CONVERSION = YES;
				CLANG_WARN_NON_LITERAL_NULL_CONVERSION = YES;
				CLANG_WARN_OBJC_IMPLICIT_RETAIN_SELF = YES;
				CLANG_WARN_OBJC_LITERAL_CONVERSION = YES;
				CLANG_WARN_OBJC_ROOT_CLASS = YES_ERROR;
				CLANG_WARN_QUOTED_INCLUDE_IN_FRAMEWORK_HEADER = YES;
				CLANG_WARN_RANGE_LOOP_ANALYSIS = YES;
				CLANG_WARN_STRICT_PROTOTYPES = YES;
				CLANG_WARN_SUSPICIOUS_MOVE = YES;
				CLANG_WARN_UNGUARDED_AVAILABILITY = YES_AGGRESSIVE;
				CLANG_WARN_UNREACHABLE_CODE = YES;
				CLANG_WARN__DUPLICATE_METHOD_MATCH = YES;
				COPY_PHASE_STRIP = NO;
				DEBUG_INFORMATION_FORMAT = dwarf;
				ENABLE_STRICT_OBJC_MSGSEND = YES;
				ENABLE_TESTABILITY = YES;
				GCC_C_LANGUAGE_STANDARD = gnu11;
				GCC_DYNAMIC_NO_PIC = NO;
				GCC_NO_COMMON_BLOCKS = YES;
				GCC_OPTIMIZATION_LEVEL = 0;
				GCC_PREPROCESSOR_DEFINITIONS = (
					"DEBUG=1",
					"$(inherited)",
				);
				GCC_WARN_64_TO_32_BIT_CONVERSION = YES;
				GCC_WARN_ABOUT_RETURN_TYPE = YES_ERROR;
				GCC_WARN_UNDECLARED_SELECTOR = YES;
				GCC_WARN_UNINITIALIZED_AUTOS = YES_AGGRESSIVE;
				GCC_WARN_UNUSED_FUNCTION = YES;
				GCC_WARN_UNUSED_VARIABLE = YES;
				IPHONEOS_DEPLOYMENT_TARGET = 16.2;
				MTL_ENABLE_DEBUG_INFO = INCLUDE_SOURCE;
				MTL_FAST_MATH = YES;
				ONLY_ACTIVE_ARCH = YES;
				SDKROOT = iphoneos;
				SWIFT_ACTIVE_COMPILATION_CONDITIONS = DEBUG;
				SWIFT_OPTIMIZATION_LEVEL = "-Onone";
			};
			name = Debug;
		};
		63DF20FE2970E1A1005DF7D1 /* Release */ = {
			isa = XCBuildConfiguration;
			buildSettings = {
				ALWAYS_SEARCH_USER_PATHS = NO;
				CLANG_ANALYZER_NONNULL = YES;
				CLANG_ANALYZER_NUMBER_OBJECT_CONVERSION = YES_AGGRESSIVE;
				CLANG_CXX_LANGUAGE_STANDARD = "gnu++20";
				CLANG_ENABLE_MODULES = YES;
				CLANG_ENABLE_OBJC_ARC = YES;
				CLANG_ENABLE_OBJC_WEAK = YES;
				CLANG_WARN_BLOCK_CAPTURE_AUTORELEASING = YES;
				CLANG_WARN_BOOL_CONVERSION = YES;
				CLANG_WARN_COMMA = YES;
				CLANG_WARN_CONSTANT_CONVERSION = YES;
				CLANG_WARN_DEPRECATED_OBJC_IMPLEMENTATIONS = YES;
				CLANG_WARN_DIRECT_OBJC_ISA_USAGE = YES_ERROR;
				CLANG_WARN_DOCUMENTATION_COMMENTS = YES;
				CLANG_WARN_EMPTY_BODY = YES;
				CLANG_WARN_ENUM_CONVERSION = YES;
				CLANG_WARN_INFINITE_RECURSION = YES;
				CLANG_WARN_INT_CONVERSION = YES;
				CLANG_WARN_NON_LITERAL_NULL_CONVERSION = YES;
				CLANG_WARN_OBJC_IMPLICIT_RETAIN_SELF = YES;
				CLANG_WARN_OBJC_LITERAL_CONVERSION = YES;
				CLANG_WARN_OBJC_ROOT_CLASS = YES_ERROR;
				CLANG_WARN_QUOTED_INCLUDE_IN_FRAMEWORK_HEADER = YES;
				CLANG_WARN_RANGE_LOOP_ANALYSIS = YES;
				CLANG_WARN_STRICT_PROTOTYPES = YES;
				CLANG_WARN_SUSPICIOUS_MOVE = YES;
				CLANG_WARN_UNGUARDED_AVAILABILITY = YES_AGGRESSIVE;
				CLANG_WARN_UNREACHABLE_CODE = YES;
				CLANG_WARN__DUPLICATE_METHOD_MATCH = YES;
				COPY_PHASE_STRIP = NO;
				DEBUG_INFORMATION_FORMAT = "dwarf-with-dsym";
				ENABLE_NS_ASSERTIONS = NO;
				ENABLE_STRICT_OBJC_MSGSEND = YES;
				GCC_C_LANGUAGE_STANDARD = gnu11;
				GCC_NO_COMMON_BLOCKS = YES;
				GCC_WARN_64_TO_32_BIT_CONVERSION = YES;
				GCC_WARN_ABOUT_RETURN_TYPE = YES_ERROR;
				GCC_WARN_UNDECLARED_SELECTOR = YES;
				GCC_WARN_UNINITIALIZED_AUTOS = YES_AGGRESSIVE;
				GCC_WARN_UNUSED_FUNCTION = YES;
				GCC_WARN_UNUSED_VARIABLE = YES;
				IPHONEOS_DEPLOYMENT_TARGET = 16.2;
				MTL_ENABLE_DEBUG_INFO = NO;
				MTL_FAST_MATH = YES;
				SDKROOT = iphoneos;
				SWIFT_COMPILATION_MODE = wholemodule;
				SWIFT_OPTIMIZATION_LEVEL = "-O";
				VALIDATE_PRODUCT = YES;
			};
			name = Release;
		};
		63DF21002970E1A1005DF7D1 /* Debug */ = {
			isa = XCBuildConfiguration;
			buildSettings = {
				ASSETCATALOG_COMPILER_APPICON_NAME = AppIcon;
				ASSETCATALOG_COMPILER_GLOBAL_ACCENT_COLOR_NAME = AccentColor;
				CODE_SIGN_STYLE = Automatic;
				CURRENT_PROJECT_VERSION = 1;
				GENERATE_INFOPLIST_FILE = YES;
				INFOPLIST_FILE = BoxOffice/Info.plist;
				INFOPLIST_KEY_UIApplicationSupportsIndirectInputEvents = YES;
				INFOPLIST_KEY_UILaunchStoryboardName = LaunchScreen;
				INFOPLIST_KEY_UIMainStoryboardFile = Main;
				INFOPLIST_KEY_UISupportedInterfaceOrientations_iPad = "UIInterfaceOrientationPortrait UIInterfaceOrientationPortraitUpsideDown UIInterfaceOrientationLandscapeLeft UIInterfaceOrientationLandscapeRight";
				INFOPLIST_KEY_UISupportedInterfaceOrientations_iPhone = "UIInterfaceOrientationPortrait UIInterfaceOrientationLandscapeLeft UIInterfaceOrientationLandscapeRight";
				IPHONEOS_DEPLOYMENT_TARGET = 13.0;
				LD_RUNPATH_SEARCH_PATHS = (
					"$(inherited)",
					"@executable_path/Frameworks",
				);
				MARKETING_VERSION = 1.0;
				PRODUCT_BUNDLE_IDENTIFIER = net.2023newkrew.BoxOffice;
				PRODUCT_NAME = "$(TARGET_NAME)";
				SWIFT_EMIT_LOC_STRINGS = YES;
				SWIFT_VERSION = 5.0;
				TARGETED_DEVICE_FAMILY = "1,2";
			};
			name = Debug;
		};
		63DF21012970E1A1005DF7D1 /* Release */ = {
			isa = XCBuildConfiguration;
			buildSettings = {
				ASSETCATALOG_COMPILER_APPICON_NAME = AppIcon;
				ASSETCATALOG_COMPILER_GLOBAL_ACCENT_COLOR_NAME = AccentColor;
				CODE_SIGN_STYLE = Automatic;
				CURRENT_PROJECT_VERSION = 1;
				GENERATE_INFOPLIST_FILE = YES;
				INFOPLIST_FILE = BoxOffice/Info.plist;
				INFOPLIST_KEY_UIApplicationSupportsIndirectInputEvents = YES;
				INFOPLIST_KEY_UILaunchStoryboardName = LaunchScreen;
				INFOPLIST_KEY_UIMainStoryboardFile = Main;
				INFOPLIST_KEY_UISupportedInterfaceOrientations_iPad = "UIInterfaceOrientationPortrait UIInterfaceOrientationPortraitUpsideDown UIInterfaceOrientationLandscapeLeft UIInterfaceOrientationLandscapeRight";
				INFOPLIST_KEY_UISupportedInterfaceOrientations_iPhone = "UIInterfaceOrientationPortrait UIInterfaceOrientationLandscapeLeft UIInterfaceOrientationLandscapeRight";
				IPHONEOS_DEPLOYMENT_TARGET = 13.0;
				LD_RUNPATH_SEARCH_PATHS = (
					"$(inherited)",
					"@executable_path/Frameworks",
				);
				MARKETING_VERSION = 1.0;
				PRODUCT_BUNDLE_IDENTIFIER = net.2023newkrew.BoxOffice;
				PRODUCT_NAME = "$(TARGET_NAME)";
				SWIFT_EMIT_LOC_STRINGS = YES;
				SWIFT_VERSION = 5.0;
				TARGETED_DEVICE_FAMILY = "1,2";
			};
			name = Release;
		};
		C23A7FFF2976804700F0F348 /* Debug */ = {
			isa = XCBuildConfiguration;
			buildSettings = {
				BUNDLE_LOADER = "$(TEST_HOST)";
				CODE_SIGN_STYLE = Automatic;
				CURRENT_PROJECT_VERSION = 1;
				GENERATE_INFOPLIST_FILE = YES;
				IPHONEOS_DEPLOYMENT_TARGET = 16.1;
				MARKETING_VERSION = 1.0;
				PRODUCT_BUNDLE_IDENTIFIER = forest.jay.BoxOfficeTests;
				PRODUCT_NAME = "$(TARGET_NAME)";
				SWIFT_EMIT_LOC_STRINGS = NO;
				SWIFT_VERSION = 5.0;
				TARGETED_DEVICE_FAMILY = "1,2";
				TEST_HOST = "$(BUILT_PRODUCTS_DIR)/BoxOffice.app/$(BUNDLE_EXECUTABLE_FOLDER_PATH)/BoxOffice";
			};
			name = Debug;
		};
		C23A80002976804700F0F348 /* Release */ = {
			isa = XCBuildConfiguration;
			buildSettings = {
				BUNDLE_LOADER = "$(TEST_HOST)";
				CODE_SIGN_STYLE = Automatic;
				CURRENT_PROJECT_VERSION = 1;
				GENERATE_INFOPLIST_FILE = YES;
				IPHONEOS_DEPLOYMENT_TARGET = 16.1;
				MARKETING_VERSION = 1.0;
				PRODUCT_BUNDLE_IDENTIFIER = forest.jay.BoxOfficeTests;
				PRODUCT_NAME = "$(TARGET_NAME)";
				SWIFT_EMIT_LOC_STRINGS = NO;
				SWIFT_VERSION = 5.0;
				TARGETED_DEVICE_FAMILY = "1,2";
				TEST_HOST = "$(BUILT_PRODUCTS_DIR)/BoxOffice.app/$(BUNDLE_EXECUTABLE_FOLDER_PATH)/BoxOffice";
			};
			name = Release;
		};
/* End XCBuildConfiguration section */

/* Begin XCConfigurationList section */
		63DF20E62970E1A0005DF7D1 /* Build configuration list for PBXProject "BoxOffice" */ = {
			isa = XCConfigurationList;
			buildConfigurations = (
				63DF20FD2970E1A1005DF7D1 /* Debug */,
				63DF20FE2970E1A1005DF7D1 /* Release */,
			);
			defaultConfigurationIsVisible = 0;
			defaultConfigurationName = Release;
		};
		63DF20FF2970E1A1005DF7D1 /* Build configuration list for PBXNativeTarget "BoxOffice" */ = {
			isa = XCConfigurationList;
			buildConfigurations = (
				63DF21002970E1A1005DF7D1 /* Debug */,
				63DF21012970E1A1005DF7D1 /* Release */,
			);
			defaultConfigurationIsVisible = 0;
			defaultConfigurationName = Release;
		};
		C23A7FFE2976804700F0F348 /* Build configuration list for PBXNativeTarget "BoxOfficeTests" */ = {
			isa = XCConfigurationList;
			buildConfigurations = (
				C23A7FFF2976804700F0F348 /* Debug */,
				C23A80002976804700F0F348 /* Release */,
			);
			defaultConfigurationIsVisible = 0;
			defaultConfigurationName = Release;
		};
/* End XCConfigurationList section */
	};
	rootObject = 63DF20E32970E1A0005DF7D1 /* Project object */;
}
